<?xml version="1.0" encoding="utf-8"?>
<Project ToolsVersion="4.0" xmlns="http://schemas.microsoft.com/developer/msbuild/2003">
  <ItemGroup>
    <Filter Include="App">
      <UniqueIdentifier>{7bcbb15e-05dd-456e-b2b0-d04ffd7458bf}</UniqueIdentifier>
    </Filter>
    <Filter Include="GameEngine">
      <UniqueIdentifier>{c535e55e-ac36-43d5-9415-32ac570f6957}</UniqueIdentifier>
    </Filter>
    <Filter Include="GameEngine\WindowingSystem">
      <UniqueIdentifier>{d23db94a-1cfc-4930-a127-16842837ee2a}</UniqueIdentifier>
    </Filter>
    <Filter Include="GameEngine\GraphicsEngine">
      <UniqueIdentifier>{3a46bfb4-4dba-4d10-ad4c-b779b3680954}</UniqueIdentifier>
    </Filter>
  </ItemGroup>
  <ItemGroup>
    <ClCompile Include="main.cpp">
      <Filter>App</Filter>
    </ClCompile>
    <ClCompile Include="AppWindow.cpp">
      <Filter>App</Filter>
    </ClCompile>
    <ClCompile Include="Window.cpp">
      <Filter>GameEngine\WindowingSystem</Filter>
    </ClCompile>
    <ClCompile Include="GraphicsEngine.cpp">
      <Filter>GameEngine\GraphicsEngine</Filter>
    </ClCompile>
  </ItemGroup>
  <ItemGroup>
    <ClInclude Include="AppWindow.h">
      <Filter>App</Filter>
    </ClInclude>
    <ClInclude Include="Window.h">
      <Filter>GameEngine\WindowingSystem</Filter>
    </ClInclude>
    <ClInclude Include="GraphicsEngine.h">
      <Filter>GameEngine\GraphicsEngine</Filter>
    </ClInclude>
  </ItemGroup>
</Project>